
Microsoft Visual Studio Solution File, Format Version 12.00
# Visual Studio Version 17
VisualStudioVersion = 17.11.35208.52
MinimumVisualStudioVersion = 10.0.40219.1
Project("{FAE04EC0-301F-11D3-BF4B-00C04F79EFBC}") = "MiniDOS", "MiniDOS.csproj", "{910E83ED-6DD3-4FE6-BB8F-F6902A999E77}"
EndProject
Global
	GlobalSection(SolutionConfigurationPlatforms) = preSolution
		Debug|Any CPU = Debug|Any CPU
		Release|Any CPU = Release|Any CPU
	EndGlobalSection
	GlobalSection(ProjectConfigurationPlatforms) = postSolution
		{910E83ED-6DD3-4FE6-BB8F-F6902A999E77}.Debug|Any CPU.ActiveCfg = Debug|Any CPU
		{910E83ED-6DD3-4FE6-BB8F-F6902A999E77}.Debug|Any CPU.Build.0 = Debug|Any CPU
		{910E83ED-6DD3-4FE6-BB8F-F6902A999E77}.Release|Any CPU.ActiveCfg = Release|Any CPU
		{910E83ED-6DD3-4FE6-BB8F-F6902A999E77}.Release|Any CPU.Build.0 = Release|Any CPU
	EndGlobalSection
	GlobalSection(SolutionProperties) = preSolution
		HideSolutionNode = FALSE
	EndGlobalSection
	GlobalSection(ExtensibilityGlobals) = postSolution
		SolutionGuid = {6531A861-F341-4D6C-9B90-4A4D76CEE0CE}
	EndGlobalSection
EndGlobal
