
Microsoft Visual Studio Solution File, Format Version 12.00
# Visual Studio Version 17
VisualStudioVersion = 17.11.35208.52
MinimumVisualStudioVersion = 10.0.40219.1
Project("{FAE04EC0-301F-11D3-BF4B-00C04F79EFBC}") = "minidos", "minidos.csproj", "{3A8F9B87-BC29-4630-BBB3-E4B7C1B73756}"
EndProject
Global
	GlobalSection(SolutionConfigurationPlatforms) = preSolution
		Debug|Any CPU = Debug|Any CPU
		Release|Any CPU = Release|Any CPU
	EndGlobalSection
	GlobalSection(ProjectConfigurationPlatforms) = postSolution
		{3A8F9B87-BC29-4630-BBB3-E4B7C1B73756}.Debug|Any CPU.ActiveCfg = Debug|Any CPU
		{3A8F9B87-BC29-4630-BBB3-E4B7C1B73756}.Debug|Any CPU.Build.0 = Debug|Any CPU
		{3A8F9B87-BC29-4630-BBB3-E4B7C1B73756}.Release|Any CPU.ActiveCfg = Release|Any CPU
		{3A8F9B87-BC29-4630-BBB3-E4B7C1B73756}.Release|Any CPU.Build.0 = Release|Any CPU
	EndGlobalSection
	GlobalSection(SolutionProperties) = preSolution
		HideSolutionNode = FALSE
	EndGlobalSection
	GlobalSection(ExtensibilityGlobals) = postSolution
		SolutionGuid = {1A4A7C76-8E8A-47B0-AF87-D76808D2EF7F}
	EndGlobalSection
EndGlobal
